
Microsoft Visual Studio Solution File, Format Version 12.00
# Visual Studio Version 16
VisualStudioVersion = 16.0.28922.388
MinimumVisualStudioVersion = 10.0.40219.1
Project("{FAE04EC0-301F-11D3-BF4B-00C04F79EFBC}") = "Demo", "Demo\Demo.csproj", "{4671B83F-9553-4B47-B069-0BF8DD7990E1}"
EndProject
Project("{FAE04EC0-301F-11D3-BF4B-00C04F79EFBC}") = "SwaggerWebapi", "SwaggerWebapi\SwaggerWebapi.csproj", "{6C588927-AB09-4BBF-984F-8BEF3D2257EA}"
EndProject
Project("{FAE04EC0-301F-11D3-BF4B-00C04F79EFBC}") = "ProtobufWebapi", "ProtobufWebapi\ProtobufWebapi.csproj", "{0D2E0988-44D4-4ABE-9DFA-F74F6259B7CF}"
EndProject
Global
	GlobalSection(SolutionConfigurationPlatforms) = preSolution
		Debug|Any CPU = Debug|Any CPU
		Release|Any CPU = Release|Any CPU
	EndGlobalSection
	GlobalSection(ProjectConfigurationPlatforms) = postSolution
		{4671B83F-9553-4B47-B069-0BF8DD7990E1}.Debug|Any CPU.ActiveCfg = Debug|Any CPU
		{4671B83F-9553-4B47-B069-0BF8DD7990E1}.Debug|Any CPU.Build.0 = Debug|Any CPU
		{4671B83F-9553-4B47-B069-0BF8DD7990E1}.Release|Any CPU.ActiveCfg = Release|Any CPU
		{4671B83F-9553-4B47-B069-0BF8DD7990E1}.Release|Any CPU.Build.0 = Release|Any CPU
		{6C588927-AB09-4BBF-984F-8BEF3D2257EA}.Debug|Any CPU.ActiveCfg = Debug|Any CPU
		{6C588927-AB09-4BBF-984F-8BEF3D2257EA}.Debug|Any CPU.Build.0 = Debug|Any CPU
		{6C588927-AB09-4BBF-984F-8BEF3D2257EA}.Release|Any CPU.ActiveCfg = Release|Any CPU
		{6C588927-AB09-4BBF-984F-8BEF3D2257EA}.Release|Any CPU.Build.0 = Release|Any CPU
		{0D2E0988-44D4-4ABE-9DFA-F74F6259B7CF}.Debug|Any CPU.ActiveCfg = Debug|Any CPU
		{0D2E0988-44D4-4ABE-9DFA-F74F6259B7CF}.Debug|Any CPU.Build.0 = Debug|Any CPU
		{0D2E0988-44D4-4ABE-9DFA-F74F6259B7CF}.Release|Any CPU.ActiveCfg = Release|Any CPU
		{0D2E0988-44D4-4ABE-9DFA-F74F6259B7CF}.Release|Any CPU.Build.0 = Release|Any CPU
	EndGlobalSection
	GlobalSection(SolutionProperties) = preSolution
		HideSolutionNode = FALSE
	EndGlobalSection
	GlobalSection(ExtensibilityGlobals) = postSolution
		SolutionGuid = {0FEF91AB-E904-4F40-8578-30D11EDE094C}
	EndGlobalSection
EndGlobal
